{
  "originHash" : "7fdb1fcfcde7b948adf69489a47d3d12e48ab9b3faca16a06d821e4d98e2080d",
  "pins" : [
    {
      "identity" : "loggingkit",
      "kind" : "remoteSourceControl",
      "location" : "https://github.com/Mountain-View-Staging/LoggingKit.git",
      "state" : {
        "revision" : "e5e14147efbee9f84a52656aab68c773a2712976",
        "version" : "1.0.0"
      }
    },
    {
      "identity" : "marqueeshaderkit",
      "kind" : "remoteSourceControl",
      "location" : "https://github.com/Mountain-View-Staging/MarqueeShaderKit.git",
      "state" : {
        "revision" : "d4cb479bf7cb94e7f087242fcbc3b10a9d36431d",
        "version" : "1.0.0"
      }
    }
  ],
  "version" : 3
}
